
Microsoft Visual Studio Solution File, Format Version 12.00
# Visual Studio Version 17
VisualStudioVersion = 17.10.35013.160
MinimumVisualStudioVersion = 10.0.40219.1
Project("{FAE04EC0-301F-11D3-BF4B-00C04F79EFBC}") = "KB-kozmondasok", "KB-kozmondasok\KB-kozmondasok.csproj", "{40602A4B-8A18-4D9C-A88F-9315F20E207D}"
EndProject
Global
	GlobalSection(SolutionConfigurationPlatforms) = preSolution
		Debug|Any CPU = Debug|Any CPU
		Release|Any CPU = Release|Any CPU
	EndGlobalSection
	GlobalSection(ProjectConfigurationPlatforms) = postSolution
		{40602A4B-8A18-4D9C-A88F-9315F20E207D}.Debug|Any CPU.ActiveCfg = Debug|Any CPU
		{40602A4B-8A18-4D9C-A88F-9315F20E207D}.Debug|Any CPU.Build.0 = Debug|Any CPU
		{40602A4B-8A18-4D9C-A88F-9315F20E207D}.Release|Any CPU.ActiveCfg = Release|Any CPU
		{40602A4B-8A18-4D9C-A88F-9315F20E207D}.Release|Any CPU.Build.0 = Release|Any CPU
	EndGlobalSection
	GlobalSection(SolutionProperties) = preSolution
		HideSolutionNode = FALSE
	EndGlobalSection
	GlobalSection(ExtensibilityGlobals) = postSolution
		SolutionGuid = {B866E811-BBC0-407B-8A59-B40CAA75948A}
	EndGlobalSection
EndGlobal
